github.com/goombaio/namegenerator v0.0.0-20181006234301-989e774b106e h1:XmA6L9IPRdUr28a+SK/oMchGgQy159wvzXA5tJ7l+40=
github.com/goombaio/namegenerator v0.0.0-20181006234301-989e774b106e/go.mod h1:AFIo+02s+12CEg8Gzz9kzhCbmbq6JcKNrhHffCGA9z4=
github.com/iancoleman/strcase v0.2.0 h1:05I4QRnGpI0m37iZQRuskXh+w77mr6Z41lwQzuHLwW0=
github.com/iancoleman/strcase v0.2.0/go.mod h1:iwCmte+B7n89clKwxIoIXy/HfoL7AsD47ZCWhYzw7ho=
github.com/joho/godotenv v1.5.1 h1:7eLL/+HRGLY0ldzfGMeQkb7vMd0as4CfYvUVzLqw0N0=
github.com/joho/godotenv v1.5.1/go.mod h1:f4LDr5Voq0i2e/R5DDNOoa2zzDfwtkZa6DnEwAbqwq4=
github.com/mvrilo/go-cpf v0.0.0-20150109121854-4113d38c8d21 h1:YPCOJF8DBm+WyORRxVj6maVZkx/Von4+JxfNJ8DjJhw=
github.com/mvrilo/go-cpf v0.0.0-20150109121854-4113d38c8d21/go.mod h1:yYdoTli5ejfoOkQX4/hP97HEoULZBMTRhiD0p9UM/oc=
github.com/robfig/cron v1.2.0 h1:ZjScXvvxeQ63Dbyxy76Fj3AT3Ut0aKsyd2/tl3DTMuQ=
github.com/robfig/cron v1.2.0/go.mod h1:JGuDeoQd7Z6yL4zQhZ3OPEVHB7fL6Ka6skscFHfmt2k=
github.com/starkbank/ecdsa-go/v2 v2.0.0 h1:M8G8M+azTlslvMYHk71OiRrxpZHhM/fNLy+n2SEKT1E=
github.com/starkbank/ecdsa-go/v2 v2.0.0/go.mod h1:NpEPAoZotqZ07mL2DnHm0ADSWZ3ujn6rSXN33oeAkj4=
github.com/starkbank/sdk-go v0.3.0 h1:DRYQ0IS1tuDVjT8cdbhUI4OFm8GOr5eJZVGr2KzJ9vA=
github.com/starkbank/sdk-go v0.3.0/go.mod h1:9Iak8IVoEcrVyKdvAAOe3BvOCLPjfEDR6sJi7fkIJF8=
github.com/starkinfra/core-go v0.2.0 h1:Ua81ccaM5A/rJmvpN53Bla4s2kxyVIWiFMYy66NKoj0=
github.com/starkinfra/core-go v0.2.0/go.mod h1:0stc52jillPHnTOhDWsPYdTHkZOPGfpNgpVLId9O8jI=
